{
    "_meta": {
        "hash": {
            "sha256": "1acda0278625d6d5c19a5f202e5810be1599b8cbbcdbb07a9cf436cae29c5b11"
        },
        "pipfile-spec": 6,
        "requires": {
            "python_version": "3.6"
        },
        "sources": [
            {
                "name": "pypi",
                "url": "https://pypi.org/simple",
                "verify_ssl": true
            }
        ]
    },
    "default": {
        "beautifulsoup4": {
            "hashes": [
                "sha256:034740f6cb549b4e932ae1ab975581e6103ac8f942200a0e9759065984391858",
                "sha256:945065979fb8529dd2f37dbb58f00b661bdbcbebf954f93b32fdf5263ef35348",
                "sha256:ba6d5c59906a85ac23dadfe5c88deaf3e179ef565f4898671253e50a78680718"
            ],
            "version": "==4.7.1"
        },
        "boto": {
            "hashes": [
                "sha256:147758d41ae7240dc989f0039f27da8ca0d53734be0eb869ef16e3adcfa462e8",
                "sha256:ea0d3b40a2d852767be77ca343b58a9e3a4b00d9db440efb8da74b4e58025e5a"
            ],
            "version": "==2.49.0"
        },
        "boto3": {
            "hashes": [
                "sha256:7ea6c74631da553999594e83fd42ed14d7512f425ae082cbbf180911537d609a",
                "sha256:9f65209b176b4559667a9691f96be6c8bd2dafc30e0c211ce5a7e031bb3b9737"
            ],
            "version": "==1.9.154"
        },
        "botocore": {
            "hashes": [
                "sha256:8b0367dc5af8182fe82b55cf93425f99bff577c473a37468a46bf3717fcbb117",
                "sha256:8bfa2a5f7c6ceae85907cbba2024c8b6caf918b1fc575ee9a18a6a1c22010c7e"
            ],
            "version": "==1.12.154"
        },
        "certifi": {
            "hashes": [
                "sha256:59b7658e26ca9c7339e00f8f4636cdfe59d34fa37b9b04f6f9e9926b3cece1a5",
                "sha256:b26104d6835d1f5e49452a26eb2ff87fe7090b89dfcaee5ea2212697e1e1d7ae"
            ],
            "version": "==2019.3.9"
        },
        "chardet": {
            "hashes": [
                "sha256:84ab92ed1c4d4f16916e05906b6b75a6c0fb5db821cc65e70cbd64a3e2a5eaae",
                "sha256:fc323ffcaeaed0e0a02bf4d117757b98aed530d9ed4531e3e15460124c106691"
            ],
            "version": "==3.0.4"
        },
        "cloudpickle": {
            "hashes": [
                "sha256:7d43c4d0c7e9735ee8a352c96f84031dabd6676170c4e5e0585a469cc4769f22",
                "sha256:d119fb6627e65d43541bdf927975a0f2a5d40074a30d691c8585f761d721bf49"
            ],
            "version": "==1.1.1"
        },
        "cymem": {
            "hashes": [
                "sha256:00bb3645dfb9a020d735ba3d6f822b04656388180588d8b2cebde967ee678bcc",
                "sha256:043994a622efba3a79ed1707c0279d85f25bdf9a615c2709561790b659795375",
                "sha256:0dd61d05977839a922c0d797c355b98949210575918b1743b41e38ae9fb2c3a7",
                "sha256:23c20163e2e74c760259a7feee264b5eaf7879d7818ab13025b2be69d7b8b66a",
                "sha256:2957a6ccd96d48896c736014b96fae64164f9d18cf773b53cbdc1ea4eab7f4dc",
                "sha256:495bd2aaeb7650faa7c78089abd2d975194534462e1f76243b3bc8aa1d8aa202",
                "sha256:4bc1056b52d959fcbb1e0f32ec84fa131754d6be1e36b65782c6ac86419f4bf3",
                "sha256:4c5d9ca6ec706792b8d9b1faf6db77b95545c388c768b21d940f197aa7efbb7e",
                "sha256:50292f4dd0d950a8698bae27d71efe59da7ff08e591b735e08b658aae42c4745",
                "sha256:5f3fb50c7a8e6d7f599e569f1b705e41f9e2d550fad48e3a275b4f5450412216",
                "sha256:616d06333f46dd03c128d97912d361183fc02249e6420a7b7907b41214c51562",
                "sha256:7b2e8600bc6c2d005f8cf47ac5fc99eee45df82c8c71677fb075ca6c2c8ca16b",
                "sha256:7b6a1a17bab8af967e7cfb6b2ec5c5aa8650d0bce4f176cddbf7638e8e02c9e1",
                "sha256:944af97d4d34a2470b5199f1c31d2dfc79cdec7bd7a41354d839a8ab87fdfaa6",
                "sha256:9709fa4b5caa2ebb05e9f12aab3388431970ae5f5a7dad3a7b9670874b469012",
                "sha256:b38056efb99078b06c504adb5f03a8d9e822a5543451737b746028a71c4b1ac3",
                "sha256:b5aceab17228dc6c6d126eb18e2f7801bcb5293eee719a1a240636c6cca970f0",
                "sha256:b6513b2926c60d641f159e79e6fb16460dfb50ebcce31a5af0370c51837c7efc",
                "sha256:b8cf65f386caf97b953fc0b9d363e2e404591de672c7b468eba7483099d7f773",
                "sha256:c0963ec0e81adc95334d6f75c9ce5084ba7b813b7d515470a753ec57f76db6d5",
                "sha256:c178cb784531546ac6bbe2c9a4c4b077fd03d97c4a67c8ea84e1d2a50d872f23",
                "sha256:cabc0aeb58a451627ef07beac16dd28a1a09a4dd554df9f9dd0a76a48a8454e0",
                "sha256:cfa8415504cd06f6bf93e3b7e2f014ee675a66a435dd47f8c70a21880ab92ed6",
                "sha256:d7ce7b63a74566490d4661d3934870741cd0e37c3543cdf73c09c79501f1cf8a",
                "sha256:daa6003fcc199752ab703142021cff74774872a932303b240dc0ea177adf295d",
                "sha256:e0a60d03f2b2656ecf13c717aa9ebc17878862027c549bbb1f7a25226dfc3297",
                "sha256:f06d9b50da0474d7405674d8101c319d89a17d33792d6d429fe3d5c64f0d9df1"
            ],
            "version": "==1.31.2"
        },
        "docopt": {
            "hashes": [
                "sha256:49b3a825280bd66b3aa83585ef59c4a8c82f2c8a522dbe754a8bc8d08c85c491"
            ],
            "version": "==0.6.2"
        },
        "docutils": {
            "hashes": [
                "sha256:02aec4bd92ab067f6ff27a38a38a41173bf01bed8f89157768c1573f53e474a6",
                "sha256:51e64ef2ebfb29cae1faa133b3710143496eca21c530f3f71424d77687764274",
                "sha256:7a4bd47eaf6596e1295ecb11361139febe29b084a87bf005bf899f9a42edc3c6"
            ],
            "version": "==0.14"
        },
        "gensim": {
            "hashes": [
                "sha256:09c51602febf41ec691813611a3e15f3ecd28f30a191294efff746fcef2fb21a",
                "sha256:0fb3368d9f8243577e965eea8ae614c364cf753d5cf3ff565e21f6ba0ff2928b",
                "sha256:2482d69f52d645515095314953bb84c5452a78c78db63335f384cc31912376ea",
                "sha256:43ba654ef0f34dd0557ee111e28139550a113dc0214620e72b370e113586828b",
                "sha256:79f9b2509dbe0ac86cab01310e4ecfd8ebb92afba76ed58a14a29b5c1ff9ef3e",
                "sha256:8acc9497438b828b7dc8aa21b5af8b54bb3893055c19e011b0e60470413143da",
                "sha256:91cb4b99e5f5f8456da2276da1e6fa4794108812ff4799562cc91b057de7919a"
            ],
            "version": "==0.13.4.1"
        },
        "hdfs": {
            "hashes": [
                "sha256:a40fe99ccb03b5c3247b33a4110eb21b57405dd7c3f1b775e362e66c19b44bc6"
            ],
            "version": "==2.1.0"
        },
        "idna": {
            "hashes": [
                "sha256:c357b3f628cf53ae2c4c05627ecc484553142ca23264e593d327bcde5e9c3407",
                "sha256:ea8b7f6188e6fa117537c3df7da9fc686d485087abf6ac197f9c46432f7e4a3c"
            ],
            "version": "==2.8"
        },
        "jmespath": {
            "hashes": [
                "sha256:3720a4b1bd659dd2eecad0666459b9788813e032b83e7ba58578e48254e0a0e6",
                "sha256:bde2aef6f44302dfb30320115b17d030798de8c4110e28d5cf6cf91a7a31074c"
            ],
            "version": "==0.9.4"
        },
        "murmurhash": {
            "hashes": [
                "sha256:0ab4fd586dc163b5776b2cb53d3a4eb17aaf79018cba3d783efccbd4d8f60c12",
                "sha256:1bec8f30c7a807f9643cd48d58382b74e7c103f7a39d2a9245f48dd220f5d38a",
                "sha256:1f6c9343b4d98856517cd06ebc781a76abcb3d0de6246c99d5e54efade910deb",
                "sha256:5b2314d7f883d3187ce6c89be3d3e21fd9a8d7cbedf8dd143a75a92cfcff0888",
                "sha256:5f5d15e7ee157be421857e47f3a70e320dcc95fb102e1351cf66f484aa6c3077",
                "sha256:6b43ee09bd4779b01efabfd0a1de6c0484aeffa54cba0d481142fd388e370163",
                "sha256:7818676f2e6c5150ca4c7284c486287e0487be0739b2227d8d481804bc35b6a5",
                "sha256:869897c7c617aa94728a89edef5ae496180e85670f3c918dfc59c164912c1b66",
                "sha256:8af6cf91c27605ec31535463f9e7e67329203ec886e2551fbab13b227f03324b",
                "sha256:b726131e87d6cf4da8c163610e2074260efe2207ad1779d5b59d9b6ab49c6076",
                "sha256:fbab2e2117ae70c71c6ea986a377ad3fbdfb7d45c9dd4ab69567a21cc04e7186"
            ],
            "version": "==0.26.4"
        },
        "nalaf": {
            "editable": true,
            "path": "."
        },
        "nltk": {
            "hashes": [
                "sha256:3a64b1cb685bbf344adec416871fee07996671c876ff313b3e504158fa1500e1"
            ],
            "version": "==3.4.1"
        },
        "numpy": {
            "hashes": [
                "sha256:0e2eed77804b2a6a88741f8fcac02c5499bba3953ec9c71e8b217fad4912c56c",
                "sha256:1c666f04553ef70fda54adf097dbae7080645435fc273e2397f26bbf1d127bbb",
                "sha256:1f46532afa7b2903bfb1b79becca2954c0a04389d19e03dc73f06b039048ac40",
                "sha256:315fa1b1dfc16ae0f03f8fd1c55f23fd15368710f641d570236f3d78af55e340",
                "sha256:3d5fcea4f5ed40c3280791d54da3ad2ecf896f4c87c877b113576b8280c59441",
                "sha256:48241759b99d60aba63b0e590332c600fc4b46ad597c9b0a53f350b871ef0634",
                "sha256:4b4f2924b36d857cf302aec369caac61e43500c17eeef0d7baacad1084c0ee84",
                "sha256:54fe3b7ed9e7eb928bbc4318f954d133851865f062fa4bbb02ef8940bc67b5d2",
                "sha256:5a8f021c70e6206c317974c93eaaf9bc2b56295b6b1cacccf88846e44a1f33fc",
                "sha256:754a6be26d938e6ca91942804eb209307b73f806a1721176278a6038869a1686",
                "sha256:771147e654e8b95eea1293174a94f34e2e77d5729ad44aefb62fbf8a79747a15",
                "sha256:78a6f89da87eeb48014ec652a65c4ffde370c036d780a995edaeb121d3625621",
                "sha256:7fde5c2a3a682a9e101e61d97696687ebdba47637611378b4127fe7e47fdf2bf",
                "sha256:80d99399c97f646e873dd8ce87c38cfdbb668956bbc39bc1e6cac4b515bba2a0",
                "sha256:88a72c1e45a0ae24d1f249a529d9f71fe82e6fa6a3fd61414b829396ec585900",
                "sha256:a4f4460877a16ac73302a9c077ca545498d9fe64e6a81398d8e1a67e4695e3df",
                "sha256:a61255a765b3ac73ee4b110b28fccfbf758c985677f526c2b4b39c48cc4b509d",
                "sha256:ab4896a8c910b9a04c0142871d8800c76c8a2e5ff44763513e1dd9d9631ce897",
                "sha256:abbd6b1c2ef6199f4b7ca9f818eb6b31f17b73a6110aadc4e4298c3f00fab24e",
                "sha256:b16d88da290334e33ea992c56492326ea3b06233a00a1855414360b77ca72f26",
                "sha256:b78a1defedb0e8f6ae1eb55fa6ac74ab42acc4569c3a2eacc2a407ee5d42ebcb",
                "sha256:cfef82c43b8b29ca436560d51b2251d5117818a8d1fb74a8384a83c096745dad",
                "sha256:d160e57731fcdec2beda807ebcabf39823c47e9409485b5a3a1db3a8c6ce763e"
            ],
            "version": "==1.16.3"
        },
        "pathlib": {
            "hashes": [
                "sha256:6940718dfc3eff4258203ad5021090933e5c04707d5ca8cc9e73c94a7894ea9f"
            ],
            "version": "==1.0.1"
        },
        "plac": {
            "hashes": [
                "sha256:879d3009bee474cc96b5d7a4ebdf6fa0c4931008ecb858caf09eed9ca302c8da",
                "sha256:b03f967f535b3bf5a71b191fa5eb09872a5cfb1e3b377efc4138995e10ba36d7"
            ],
            "version": "==1.0.0"
        },
        "preshed": {
            "hashes": [
                "sha256:1491eb42e649fbecd7ac61be76558217d2ae56ce24bb256dd2c97d58744d6ab9",
                "sha256:727eedcc8bc81e4814dc7c78e772ddbf96715b0815f4491ab202fb586af83c13",
                "sha256:8df935d032f88276b73c357af4a8ca93c4fed01ef944515fc2075f57c06ca681",
                "sha256:8e5c3ae60811c24775f288e4fdfc40bffb57de1c1e7707da7b4a6214858985a6",
                "sha256:96f0ca6a0aa1347312fbe76bf55949a378b225f6a2b543eb2671208c87aabbfd",
                "sha256:987c3404a78821a5618591a7a6fcb71e1f4be896f4046e644652961829eb1784",
                "sha256:9c77e889190e2e143c26ef16fe2fd576fa12d1cb7cb2d772effbb801cde63483",
                "sha256:ae695b8a4cb9f10ce85678201bdc17ccac9e068c74bf9f89a05453fab8fa97d2",
                "sha256:cfa6631ab4cd8b0b486614a7bd7f34afc4c02920dcaa6052555b3d1beebf0db8",
                "sha256:d2fd334c41c11bf7b231928d14e7174a633765efc33217c26ade8db0ba97fad5",
                "sha256:f91fcb41dfccae57930f3030b7d60d0f34e08f44257e9b7121db1896f841ff10"
            ],
            "version": "==0.46.4"
        },
        "progress": {
            "hashes": [
                "sha256:69ecedd1d1bbe71bf6313d88d1e6c4d2957b7f1d4f71312c211257f7dae64372"
            ],
            "version": "==1.5"
        },
        "python-crfsuite": {
            "hashes": [
                "sha256:138f26301af254e87892ae1cf582503e638d1864ff67457f67eb5278bcececac",
                "sha256:155f7329ba87bfc6fae47871ba4e59d3d897ac18f49c6b99e612fc74fd50ed32",
                "sha256:1a53550d506fc1c77720267204e54d1f3e4affa75c558d9718cfdd65e9413715",
                "sha256:277e96bc3e5b0ca7317aa3b08da59a9d52ea25b4faf4276952de7b233da0d2fd",
                "sha256:3791d430e09d76e972a0eb7fde79a23a6517ddfe69b74375703261929d9cd331",
                "sha256:50075a8c6c4a72e1c90978cca618e1f9e43a695ec42da6f515ff62490e44a805",
                "sha256:50969893f2e61287863e529ed8ef4495b81046dd652f1bfc2f4738ab73c37091",
                "sha256:604c1e00bf48a33291ee4a325fbe188f9a934cb4729c93695994125460329040",
                "sha256:65b68da29e565cae25ad3b0ac72316eda2f7b2e1e8b97960ece84af972e16b97",
                "sha256:6aaa526be8158c31814baad1d0175d97c345c57436ca19165fde717361ddd64d",
                "sha256:73b2cddb591097e89a795a53e3c2642cdcbcbf50497fb26a57564212e273d95c",
                "sha256:85ffa9cb7c8df3d66925904000b3f35980c9d17a4a2a0ff3c18de91dfb3ae3d9",
                "sha256:87ad5718050185f087a4c6ab223a5d5d842f9eeda7f4500762c64a0e7c42ba68",
                "sha256:88256c0bb76d2178ea4060dcc97096612dee4c8d929cbc604bfc98a48ca9311f",
                "sha256:91e6a0e01056dccee56cdfb75e5e461af7247c52918a2c69c1512173c182e40d",
                "sha256:98d5b16dfcebbb87d71cdec6b72d6c84d5522770f1880e15487db973afb6b2e6",
                "sha256:a56d2b38e257614b1006c04fb9b0e22c63a177add487e5a64e8eb61f038342cd",
                "sha256:ac97939a6cd23a5357c3e496410da6922aef4a62ad1e4833e9252f4b2a080952",
                "sha256:ad8d81483503c1f62a050b87617032be1a1a2710836990cf190a03ac547f929d",
                "sha256:b1e3e355773c621f4499d3531ecf25aafee62005ee5bb76f6f413af66df712b9",
                "sha256:bd88d24d930d8fe4b9050a2171a965f85cae3d0eae0edcc20efe50d05aa74a66",
                "sha256:c2f638bdc1913e37339292351a8e81710b89c2fb6fd87489c88e3bb0e85a6b96",
                "sha256:cee79c713892b89a02f8213e62c270039718b2d909cc2f994c86f5f12f3537c6",
                "sha256:d13b0b6cfd754243ebeda8c601ce6388d76e2a8c3dbadf9ece217e290345ea31",
                "sha256:e42b33e698d054cb844cbb5bdcd5113e4938466888cccd7697a269a8008b94cd",
                "sha256:e477f3efbf34f5233df001c570e5552e492160c6ded803138208cd6391793d26",
                "sha256:f0f9dce13ddbdf1b1bba7b8b8eadaa87819cdbbe511f2240ac9f63c7753a1da8",
                "sha256:fd638f3aebbdc05299f7abd443419bce9d9df18637787576036a45e04cdb0817"
            ],
            "version": "==0.9.6"
        },
        "python-dateutil": {
            "hashes": [
                "sha256:7e6584c74aeed623791615e26efd690f29817a27c73085b78e4bad02493df2fb",
                "sha256:c89805f6f4d64db21ed966fda138f8a5ed7a4fdbc1a8ee329ce1b74e3c74da9e"
            ],
            "markers": "python_version >= '2.7'",
            "version": "==2.8.0"
        },
        "requests": {
            "hashes": [
                "sha256:11e007a8a2aa0323f5a921e9e6a2d7e4e67d9877e85773fba9ba6419025cbeb4",
                "sha256:9cf5292fcd0f598c671cfc1e0d7d1a7f13bb8085e9a590f48c010551dc6c4b31"
            ],
            "version": "==2.22.0"
        },
        "s3transfer": {
            "hashes": [
                "sha256:7b9ad3213bff7d357f888e0fab5101b56fa1a0548ee77d121c3a3dbfbef4cb2e",
                "sha256:f23d5cb7d862b104401d9021fc82e5fa0e0cf57b7660a1331425aab0c691d021"
            ],
            "version": "==0.2.0"
        },
        "scikit-learn": {
            "hashes": [
                "sha256:01c0b1e8572748dc3200f322ba6a1b1b5f246f51abeebdbcb070e6c69fbf5582",
                "sha256:05f1f98fb594cfdb1bb9d18bdf605078fbb646a9b307728e0e016e80493f7f48",
                "sha256:06da7592ecee71d92495e975d4e4b03ca8848834bd170ba4663c19d7026ad763",
                "sha256:0e475c00c571b5c6c25fee7192865de60a2adbe11e6e045dfca74bf5faa95b57",
                "sha256:2025da5a62f024a377f4f691d5482f2c9a02446d105f6e04f7e8d7c887ef5f2f",
                "sha256:28d240d8b57d72ad49ef65eea62237bba26b16209b121b23e8a8c6170ef89aff",
                "sha256:31789ed71ddb4facf7b47d6396da7d5485f434ff499ad09e061d67c6b292ff4b",
                "sha256:34db52e3b567727ab6a3a44fb9896d4dfbbcb2077277e288eb3f161bcd134a44",
                "sha256:37e86626a43791f8433dbd81b21928bd1c2402b226dd86462a562dd97d86100b",
                "sha256:4179810495a38bfe32fe8b13fe3b5495a8df537b1494cd34bfed31222ab73542",
                "sha256:5cbd838cb35a469e634d4d1014db35f06cc4cf1c85022a1b778ecedf0fa37263",
                "sha256:61475fda4f351fb5e1b1a5c78904a0a6c43b11031df66c9bee6969e056d71d91",
                "sha256:687d9029c56ca6f7eb6ac8449f098d0964c2d698dcd80bfa9bf0715cb68264c3",
                "sha256:6b1cf381d3747df84dcf8414dd80a66c975365aa8b0bae6062346bd38d931047",
                "sha256:6f8eba1b25fa0290f1925d2cf60aeac9dd18c6031dce7494069c8fec3c5f6d3e",
                "sha256:6fb1cee93a13564cf2675d03ed0fc92324758c60267d8ac2aacfcb5e1a097b53",
                "sha256:85cb700dc20321b82031159409d02dc7bd9bd84959f61a2466f85921376cccbf",
                "sha256:937369f471c58dd89290436e4efcdec028c3b0931b414fa04f84488e715afdc7",
                "sha256:9c1194d25cd8a68fabde6fe5fb0ce0d9ade78a1785d01731a0dc75e0ad66302c",
                "sha256:b8c1dbf7c91b4a75096daa4f383219bcc7d74689407ba31bef3ac45e991bfa77",
                "sha256:be9400f27a2cf9d10a249217289b6dfc17156800f5b76a7f94b9251ade258d00",
                "sha256:c8e12e06d8fb00d51aa901b8c5eb7d56bc5b2e1d44c5767a1d737e03c1a74ebb",
                "sha256:cb133084b8530de49bad852bd11e7f613e220fee50ccb6e62add675d1acab433",
                "sha256:f78c3e11bf38838eaf637cdd9e8d6b575a4a4048d1670a03a72b0d00d3f39ffa"
            ],
            "version": "==0.18.2"
        },
        "scipy": {
            "hashes": [
                "sha256:023ee29faa76c184a607e21076f097dc32f3abba7c71ece374588f95920aa993",
                "sha256:1e8fedf602859b541ebae78667ccfc53158edef58d9ee19ee659309004565952",
                "sha256:2a26d06a642e3c9107ca06df125f5dc5507abe2b87fd7865415d03ab654b0b43",
                "sha256:2a3b6ceadbb58d8b8d4a329f8219f9e6f17757ec6c85baf03987bbd2b728c263",
                "sha256:2c9e87d556b83a8e11de7a064856c3997bbaff7f9cf62bf63ff0623751549e4c",
                "sha256:2dc9bcfaa585d9d941fb1add0d160556fe8587c3800264a77643695565a2d279",
                "sha256:4118647273c907ed984da52b71fa2bbb30229f1820fb79b1ed087c8bc9a20cca",
                "sha256:4c26ef44e8bb2cd2aef11c60d163caa04670d6f42996789b209526677310ded2",
                "sha256:4de84e3870228e8afd55a6e63e762aa7c9d1e3bd9a9ef5ab716835a69c77d257",
                "sha256:78713101b32af384c564837fd7ae665a2a72cb6d49edbd8f32148d74724a65a8",
                "sha256:909be30bdd1d8cd57609760ea72a1499543169ed6ea5c66fad50946582682cf8",
                "sha256:93825cc80c638d901099f657dfff852ad2421beb51cb7d1d3f91157741ebe287",
                "sha256:a19a2ca7a7336495ec180adeaa0dfdcf41e96dbbee90d51c3ed828ba570884e6",
                "sha256:b3e97be2cd9f052d984fc5ba2d441897971b744c64d658617944c47bc366f8ff",
                "sha256:b87a923ed390ba0aafcbbcc6f0e023d495f19d2bd22ae59bdef3b0aec6485b39"
            ],
            "version": "==0.19.1"
        },
        "semver": {
            "hashes": [
                "sha256:41c9aa26c67dc16c54be13074c352ab666bce1fa219c7110e8f03374cd4206b0",
                "sha256:5b09010a66d9a3837211bb7ae5a20d10ba88f8cb49e92cb139a69ef90d5060d8"
            ],
            "version": "==2.8.1"
        },
        "six": {
            "hashes": [
                "sha256:3350809f0555b11f552448330d0b52d5f24c91a322ea4a15ef22629740f3761c",
                "sha256:d16a0141ec1a18405cd4ce8b4613101da75da0e9a7aec5bdd4fa804d0e0eba73"
            ],
            "version": "==1.12.0"
        },
        "smart-open": {
            "hashes": [
                "sha256:305aee26b4fcc68f6ef8a8a851f27335b8b81bb9f2f030fd2574276cb4052b09"
            ],
            "version": "==1.8.3"
        },
        "soupsieve": {
            "hashes": [
                "sha256:6898e82ecb03772a0d82bd0d0a10c0d6dcc342f77e0701d0ec4a8271be465ece",
                "sha256:b20eff5e564529711544066d7dc0f7661df41232ae263619dede5059799cdfca"
            ],
            "version": "==1.9.1"
        },
        "spacy": {
            "hashes": [
                "sha256:503595cbf2a36fc99ccc615650dbfb99f5357b53ccb857813ba28134ff823473"
            ],
            "version": "==1.2.0"
        },
        "sputnik": {
            "hashes": [
                "sha256:2a2a506a2d68383f73dc7a546957714d316e23ce558e8d9115674f899d1f1273",
                "sha256:6d01840ef07acf0635e62830eb75eb8eddce83bda94a2504e0dc533fee44151e"
            ],
            "version": "==0.9.3"
        },
        "thinc": {
            "hashes": [
                "sha256:254774b165ff817b02a5a3eafde7774d7d94d88265433d169e022af47c7bc74c",
                "sha256:3bd4bff40d8c7bc021c517c463b94568f54874b8e265b72a9ac5c47d285b5962",
                "sha256:43db9dccd6d456db8e453a22363e54352bab8bd6d3c3a479f0df43586d8bff74",
                "sha256:503b550f48e908cff418e5967e3e005a9a6b247d75dcb7694d7b12ead3911be3",
                "sha256:767aee351341b9166a32b869be4150ed4d2ab6d31390b47e3a1bfbe8a575892d",
                "sha256:883d98ba21d969bc1ca4ce0ba09cd2b0070f65616ad812b5b2be8c4d13d066dc",
                "sha256:993a12ab10c0af52c1db814fdabeecc591163e76c1fff50857ca9785c7a1841c",
                "sha256:af1ad7f841022fd9a0e3d84e9fe1a780276a99f9b71e0501dcb8a2093816ea9d",
                "sha256:bd0993ba2f01ed023bc86e7ea3a860cd11872f1f5dca29bbf738518c333c38d3",
                "sha256:e95930a87061f2083998d45abf1e3c9b677da2423e04c0b031881c921d883909",
                "sha256:fd0397b231102362c85cc40765be6a76a6c25b2faa8aabdb3ba43a9b29d5945d"
            ],
            "version": "==5.0.8"
        },
        "ujson": {
            "hashes": [
                "sha256:f66073e5506e91d204ab0c614a148d5aa938bdbf104751be66f8ad7a222f5f86"
            ],
            "version": "==1.35"
        },
        "urllib3": {
            "hashes": [
                "sha256:2393a695cd12afedd0dcb26fe5d50d0cf248e5a66f75dbd89a3d4eb333a61af4",
                "sha256:a637e5fae88995b256e3409dc4d52c2e2e0ba32c42a6365fee8bbd2238de3cfb"
            ],
            "markers": "python_version >= '3.4'",
            "version": "==1.24.3"
        }
    },
    "develop": {}
}
